<?xml version="1.0" encoding="utf-8"?>
<Project ToolsVersion="4.0" xmlns="http://schemas.microsoft.com/developer/msbuild/2003">
  <ItemGroup>
    <Filter Include="Source Files">
      <UniqueIdentifier>{4FC737F1-C7A5-4376-A066-2A32D752A2FF}</UniqueIdentifier>
      <Extensions>cpp;c;cc;cxx;def;odl;idl;hpj;bat;asm;asmx</Extensions>
    </Filter>
    <Filter Include="Header Files">
      <UniqueIdentifier>{93995380-89BD-4b04-88EB-625FBE52EBFB}</UniqueIdentifier>
      <Extensions>h;hpp;hxx;hm;inl;inc;xsd</Extensions>
    </Filter>
    <Filter Include="Shader Files">
      <UniqueIdentifier>{d328a612-58c1-4d78-b421-dff24278df0a}</UniqueIdentifier>
    </Filter>
    <Filter Include="Resources">
      <UniqueIdentifier>{a9cb8820-d7e6-4cd4-aebf-8d56c5a52778}</UniqueIdentifier>
    </Filter>
  </ItemGroup>
  <ItemGroup>
    <ClCompile Include="Renderer.cpp">
      <Filter>Source Files</Filter>
    </ClCompile>
    <ClCompile Include="BlankProject.cpp">
      <Filter>Source Files</Filter>
    </ClCompile>
    <ClCompile Include="WorldHeightMap.cpp">
      <Filter>Source Files</Filter>
    </ClCompile>
    <ClCompile Include="Dragon.cpp">
      <Filter>Source Files</Filter>
    </ClCompile>
    <ClCompile Include="ObjectLookup.cpp">
      <Filter>Source Files</Filter>
    </ClCompile>
    <ClCompile Include="WaterNode.cpp">
      <Filter>Source Files</Filter>
    </ClCompile>
    <ClCompile Include="OrbitNode.cpp">
      <Filter>Source Files</Filter>
    </ClCompile>
  </ItemGroup>
  <ItemGroup>
    <ClInclude Include="Renderer.h">
      <Filter>Header Files</Filter>
    </ClInclude>
    <ClInclude Include="WorldHeightMap.h">
      <Filter>Header Files</Filter>
    </ClInclude>
    <ClInclude Include="Dragon.h">
      <Filter>Header Files</Filter>
    </ClInclude>
    <ClInclude Include="ObjectLookup.h">
      <Filter>Header Files</Filter>
    </ClInclude>
    <ClInclude Include="WaterNode.h">
      <Filter>Header Files</Filter>
    </ClInclude>
    <ClInclude Include="OrbitNode.h">
      <Filter>Header Files</Filter>
    </ClInclude>
  </ItemGroup>
  <ItemGroup>
    <None Include="..\Shaders\WorldFragment.glsl">
      <Filter>Shader Files</Filter>
    </None>
    <None Include="..\Shaders\WorldVertex.glsl">
      <Filter>Shader Files</Filter>
    </None>
    <None Include="..\Shaders\SkinningFragment.glsl">
      <Filter>Shader Files</Filter>
    </None>
    <None Include="..\Shaders\SkinningVertex.glsl">
      <Filter>Shader Files</Filter>
    </None>
    <None Include="..\Shaders\ObjectFragment.glsl">
      <Filter>Shader Files</Filter>
    </None>
    <None Include="..\Shaders\ObjectVertex.glsl">
      <Filter>Shader Files</Filter>
    </None>
    <None Include="..\Shaders\SkyboxFragment.glsl">
      <Filter>Shader Files</Filter>
    </None>
    <None Include="..\Shaders\SkyboxVertex.glsl">
      <Filter>Shader Files</Filter>
    </None>
    <None Include="..\Shaders\reflectFragment.glsl">
      <Filter>Shader Files</Filter>
    </None>
    <None Include="..\Shaders\reflectVertex.glsl">
      <Filter>Shader Files</Filter>
    </None>
    <None Include="..\Shaders\shadowFrag.glsl">
      <Filter>Shader Files</Filter>
    </None>
    <None Include="..\Shaders\shadowVert.glsl">
      <Filter>Shader Files</Filter>
    </None>
    <None Include="..\Shaders\ShadowedWorldFrag.glsl">
      <Filter>Shader Files</Filter>
    </None>
    <None Include="..\Shaders\ShadowedWorldVert.glsl">
      <Filter>Shader Files</Filter>
    </None>
  </ItemGroup>
  <ItemGroup>
    <Text Include="UBO code.txt">
      <Filter>Resources</Filter>
    </Text>
  </ItemGroup>
</Project>